
Microsoft Visual Studio Solution File, Format Version 12.00
# Visual Studio Version 17
VisualStudioVersion = 17.9.34902.65
MinimumVisualStudioVersion = 10.0.40219.1
Project("{FAE04EC0-301F-11D3-BF4B-00C04F79EFBC}") = "Line_Notify", "Line_Notify.csproj", "{4FD52C66-27B6-4083-B3EF-DA5AA9574BEF}"
EndProject
Global
	GlobalSection(SolutionConfigurationPlatforms) = preSolution
		Debug|Any CPU = Debug|Any CPU
		Release|Any CPU = Release|Any CPU
	EndGlobalSection
	GlobalSection(ProjectConfigurationPlatforms) = postSolution
		{4FD52C66-27B6-4083-B3EF-DA5AA9574BEF}.Debug|Any CPU.ActiveCfg = Debug|Any CPU
		{4FD52C66-27B6-4083-B3EF-DA5AA9574BEF}.Debug|Any CPU.Build.0 = Debug|Any CPU
		{4FD52C66-27B6-4083-B3EF-DA5AA9574BEF}.Release|Any CPU.ActiveCfg = Release|Any CPU
		{4FD52C66-27B6-4083-B3EF-DA5AA9574BEF}.Release|Any CPU.Build.0 = Release|Any CPU
	EndGlobalSection
	GlobalSection(SolutionProperties) = preSolution
		HideSolutionNode = FALSE
	EndGlobalSection
	GlobalSection(ExtensibilityGlobals) = postSolution
		SolutionGuid = {E19F3E9E-2018-4F7B-AD56-289950D65371}
	EndGlobalSection
EndGlobal
